
Microsoft Visual Studio Solution File, Format Version 12.00
# Visual Studio Version 17
VisualStudioVersion = 17.9.34728.123
MinimumVisualStudioVersion = 10.0.40219.1
Project("{FAE04EC0-301F-11D3-BF4B-00C04F79EFBC}") = "telegrambot", "telegrambot\telegrambot.csproj", "{6F15D138-91AE-4989-9492-FC06F4D99C87}"
EndProject
Global
	GlobalSection(SolutionConfigurationPlatforms) = preSolution
		Debug|Any CPU = Debug|Any CPU
		Release|Any CPU = Release|Any CPU
	EndGlobalSection
	GlobalSection(ProjectConfigurationPlatforms) = postSolution
		{6F15D138-91AE-4989-9492-FC06F4D99C87}.Debug|Any CPU.ActiveCfg = Debug|Any CPU
		{6F15D138-91AE-4989-9492-FC06F4D99C87}.Debug|Any CPU.Build.0 = Debug|Any CPU
		{6F15D138-91AE-4989-9492-FC06F4D99C87}.Release|Any CPU.ActiveCfg = Release|Any CPU
		{6F15D138-91AE-4989-9492-FC06F4D99C87}.Release|Any CPU.Build.0 = Release|Any CPU
	EndGlobalSection
	GlobalSection(SolutionProperties) = preSolution
		HideSolutionNode = FALSE
	EndGlobalSection
	GlobalSection(ExtensibilityGlobals) = postSolution
		SolutionGuid = {8092AFE3-D085-44A6-96EB-4AAC67D4940F}
	EndGlobalSection
EndGlobal
